
Microsoft Visual Studio Solution File, Format Version 12.00
# Visual Studio Version 17
VisualStudioVersion = 17.9.34701.34
MinimumVisualStudioVersion = 10.0.40219.1
Project("{9A19103F-16F7-4668-BE54-9A1E7A4F7556}") = "ExamManagerApp.CosmoDB.API", "ExamManagerApp.CosmoDB.API\ExamManagerApp.CosmoDB.API.csproj", "{2E942E81-34E1-465B-93D3-59CAB4AC392E}"
EndProject
Project("{FAE04EC0-301F-11D3-BF4B-00C04F79EFBC}") = "ExamManagerApp.UnitTest", "ExamManagerApp.UnitTest\ExamManagerApp.UnitTest.csproj", "{D40472FC-26B1-4A9E-900B-3DB270DA78D9}"
EndProject
Global
	GlobalSection(SolutionConfigurationPlatforms) = preSolution
		Debug|Any CPU = Debug|Any CPU
		Release|Any CPU = Release|Any CPU
	EndGlobalSection
	GlobalSection(ProjectConfigurationPlatforms) = postSolution
		{2E942E81-34E1-465B-93D3-59CAB4AC392E}.Debug|Any CPU.ActiveCfg = Debug|Any CPU
		{2E942E81-34E1-465B-93D3-59CAB4AC392E}.Debug|Any CPU.Build.0 = Debug|Any CPU
		{2E942E81-34E1-465B-93D3-59CAB4AC392E}.Release|Any CPU.ActiveCfg = Release|Any CPU
		{2E942E81-34E1-465B-93D3-59CAB4AC392E}.Release|Any CPU.Build.0 = Release|Any CPU
		{D40472FC-26B1-4A9E-900B-3DB270DA78D9}.Debug|Any CPU.ActiveCfg = Debug|Any CPU
		{D40472FC-26B1-4A9E-900B-3DB270DA78D9}.Debug|Any CPU.Build.0 = Debug|Any CPU
		{D40472FC-26B1-4A9E-900B-3DB270DA78D9}.Release|Any CPU.ActiveCfg = Release|Any CPU
		{D40472FC-26B1-4A9E-900B-3DB270DA78D9}.Release|Any CPU.Build.0 = Release|Any CPU
	EndGlobalSection
	GlobalSection(SolutionProperties) = preSolution
		HideSolutionNode = FALSE
	EndGlobalSection
	GlobalSection(ExtensibilityGlobals) = postSolution
		SolutionGuid = {C6C94E6F-E8AE-445B-93F5-6BC7FCC0DD80}
	EndGlobalSection
EndGlobal
